
Microsoft Visual Studio Solution File, Format Version 12.00
# Visual Studio Version 16
VisualStudioVersion = 16.0.30309.148
MinimumVisualStudioVersion = 10.0.40219.1
Project("{FAE04EC0-301F-11D3-BF4B-00C04F79EFBC}") = "MateriaCSharp", "MateriaCSharp.csproj", "{5DCF02ED-10A1-42CA-A42C-5F01F6E137B6}"
EndProject
Global
	GlobalSection(SolutionConfigurationPlatforms) = preSolution
		Debug|x86 = Debug|x86
		Release|x86 = Release|x86
	EndGlobalSection
	GlobalSection(ProjectConfigurationPlatforms) = postSolution
		{5DCF02ED-10A1-42CA-A42C-5F01F6E137B6}.Debug|x86.ActiveCfg = Debug|x86
		{5DCF02ED-10A1-42CA-A42C-5F01F6E137B6}.Debug|x86.Build.0 = Debug|x86
		{5DCF02ED-10A1-42CA-A42C-5F01F6E137B6}.Release|x86.ActiveCfg = Release|x86
		{5DCF02ED-10A1-42CA-A42C-5F01F6E137B6}.Release|x86.Build.0 = Release|x86
	EndGlobalSection
	GlobalSection(SolutionProperties) = preSolution
		HideSolutionNode = FALSE
	EndGlobalSection
	GlobalSection(ExtensibilityGlobals) = postSolution
		SolutionGuid = {506FDFBE-0288-455B-BC5A-255ED6B30AF2}
	EndGlobalSection
EndGlobal
